// !$*UTF8*$!
{
	archiveVersion = 1;
	classes = {
	};
	objectVersion = 55;
	objects = {

/* Begin PBXBuildFile section */
		BAD35E5F28BEB33C001AD062 /* AppDelegate.swift in Sources */ = {isa = PBXBuildFile; fileRef = BAD35E5E28BEB33C001AD062 /* AppDelegate.swift */; };
		BAD35E6128BEB33C001AD062 /* SceneDelegate.swift in Sources */ = {isa = PBXBuildFile; fileRef = BAD35E6028BEB33C001AD062 /* SceneDelegate.swift */; };
		BAD35E6328BEB33C001AD062 /* LobbyViewController.swift in Sources */ = {isa = PBXBuildFile; fileRef = BAD35E6228BEB33C001AD062 /* LobbyViewController.swift */; };
		BAD35E6628BEB33C001AD062 /* Main.storyboard in Resources */ = {isa = PBXBuildFile; fileRef = BAD35E6428BEB33C001AD062 /* Main.storyboard */; };
		BAD35E6828BEB33E001AD062 /* Assets.xcassets in Resources */ = {isa = PBXBuildFile; fileRef = BAD35E6728BEB33E001AD062 /* Assets.xcassets */; };
		BAD35E6B28BEB33E001AD062 /* LaunchScreen.storyboard in Resources */ = {isa = PBXBuildFile; fileRef = BAD35E6928BEB33E001AD062 /* LaunchScreen.storyboard */; };
		BAD35E7628BEB33E001AD062 /* TechMonTests.swift in Sources */ = {isa = PBXBuildFile; fileRef = BAD35E7528BEB33E001AD062 /* TechMonTests.swift */; };
		BAD35E8028BEB33E001AD062 /* TechMonUITests.swift in Sources */ = {isa = PBXBuildFile; fileRef = BAD35E7F28BEB33E001AD062 /* TechMonUITests.swift */; };
		BAD35E8228BEB33E001AD062 /* TechMonUITestsLaunchTests.swift in Sources */ = {isa = PBXBuildFile; fileRef = BAD35E8128BEB33E001AD062 /* TechMonUITestsLaunchTests.swift */; };
		BAD35EA428BEB357001AD062 /* lobby.png in Resources */ = {isa = PBXBuildFile; fileRef = BAD35E9028BEB357001AD062 /* lobby.png */; };
		BAD35EA528BEB357001AD062 /* battlebg.png in Resources */ = {isa = PBXBuildFile; fileRef = BAD35E9128BEB357001AD062 /* battlebg.png */; };
		BAD35EA628BEB357001AD062 /* bgimage.jpg in Resources */ = {isa = PBXBuildFile; fileRef = BAD35E9228BEB357001AD062 /* bgimage.jpg */; };
		BAD35EA728BEB357001AD062 /* waku.png in Resources */ = {isa = PBXBuildFile; fileRef = BAD35E9328BEB357001AD062 /* waku.png */; };
		BAD35EA828BEB357001AD062 /* gold_button.png in Resources */ = {isa = PBXBuildFile; fileRef = BAD35E9428BEB357001AD062 /* gold_button.png */; };
		BAD35EA928BEB357001AD062 /* yusya.png in Resources */ = {isa = PBXBuildFile; fileRef = BAD35E9528BEB357001AD062 /* yusya.png */; };
		BAD35EAA28BEB357001AD062 /* monster.png in Resources */ = {isa = PBXBuildFile; fileRef = BAD35E9628BEB357001AD062 /* monster.png */; };
		BAD35EAB28BEB357001AD062 /* TechMonManager.swift in Sources */ = {isa = PBXBuildFile; fileRef = BAD35E9828BEB357001AD062 /* TechMonManager.swift */; };
		BAD35EAC28BEB357001AD062 /* Character.swift in Sources */ = {isa = PBXBuildFile; fileRef = BAD35E9928BEB357001AD062 /* Character.swift */; };
		BAD35EAD28BEB357001AD062 /* SE_fanfare.mp3 in Resources */ = {isa = PBXBuildFile; fileRef = BAD35E9B28BEB357001AD062 /* SE_fanfare.mp3 */; };
		BAD35EAE28BEB357001AD062 /* BGM_battle001.mp3 in Resources */ = {isa = PBXBuildFile; fileRef = BAD35E9C28BEB357001AD062 /* BGM_battle001.mp3 */; };
		BAD35EAF28BEB357001AD062 /* SE_fire.mp3 in Resources */ = {isa = PBXBuildFile; fileRef = BAD35E9D28BEB357001AD062 /* SE_fire.mp3 */; };
		BAD35EB028BEB357001AD062 /* SE_attack.mp3 in Resources */ = {isa = PBXBuildFile; fileRef = BAD35E9E28BEB357001AD062 /* SE_attack.mp3 */; };
		BAD35EB128BEB357001AD062 /* SE_gameover.mp3 in Resources */ = {isa = PBXBuildFile; fileRef = BAD35E9F28BEB357001AD062 /* SE_gameover.mp3 */; };
		BAD35EB228BEB357001AD062 /* SE_charge.mp3 in Resources */ = {isa = PBXBuildFile; fileRef = BAD35EA028BEB357001AD062 /* SE_charge.mp3 */; };
		BAD35EB328BEB357001AD062 /* lobby.mp3 in Resources */ = {isa = PBXBuildFile; fileRef = BAD35EA128BEB357001AD062 /* lobby.mp3 */; };
		BAD35EB428BEB357001AD062 /* misaki_gothic.ttf in Resources */ = {isa = PBXBuildFile; fileRef = BAD35EA328BEB357001AD062 /* misaki_gothic.ttf */; };
		BAD35EBD28BECB85001AD062 /* OFL.txt in Resources */ = {isa = PBXBuildFile; fileRef = BAD35EBB28BECB85001AD062 /* OFL.txt */; };
		BAD35EBE28BECB85001AD062 /* RocknRollOne-Regular.ttf in Resources */ = {isa = PBXBuildFile; fileRef = BAD35EBC28BECB85001AD062 /* RocknRollOne-Regular.ttf */; };
		BAD35EC028BECE5F001AD062 /* ButtleViewController.swift in Sources */ = {isa = PBXBuildFile; fileRef = BAD35EBF28BECE5F001AD062 /* ButtleViewController.swift */; };
/* End PBXBuildFile section */

/* Begin PBXContainerItemProxy section */
		BAD35E7228BEB33E001AD062 /* PBXContainerItemProxy */ = {
			isa = PBXContainerItemProxy;
			containerPortal = BAD35E5328BEB33C001AD062 /* Project object */;
			proxyType = 1;
			remoteGlobalIDString = BAD35E5A28BEB33C001AD062;
			remoteInfo = TechMon;
		};
		BAD35E7C28BEB33E001AD062 /* PBXContainerItemProxy */ = {
			isa = PBXContainerItemProxy;
			containerPortal = BAD35E5328BEB33C001AD062 /* Project object */;
			proxyType = 1;
			remoteGlobalIDString = BAD35E5A28BEB33C001AD062;
			remoteInfo = TechMon;
		};
/* End PBXContainerItemProxy section */

/* Begin PBXFileReference section */
		BAD35E5B28BEB33C001AD062 /* TechMon.app */ = {isa = PBXFileReference; explicitFileType = wrapper.application; includeInIndex = 0; path = TechMon.app; sourceTree = BUILT_PRODUCTS_DIR; };
		BAD35E5E28BEB33C001AD062 /* AppDelegate.swift */ = {isa = PBXFileReference; lastKnownFileType = sourcecode.swift; path = AppDelegate.swift; sourceTree = "<group>"; };
		BAD35E6028BEB33C001AD062 /* SceneDelegate.swift */ = {isa = PBXFileReference; lastKnownFileType = sourcecode.swift; path = SceneDelegate.swift; sourceTree = "<group>"; };
		BAD35E6228BEB33C001AD062 /* LobbyViewController.swift */ = {isa = PBXFileReference; lastKnownFileType = sourcecode.swift; path = LobbyViewController.swift; sourceTree = "<group>"; };
		BAD35E6528BEB33C001AD062 /* Base */ = {isa = PBXFileReference; lastKnownFileType = file.storyboard; name = Base; path = Base.lproj/Main.storyboard; sourceTree = "<group>"; };
		BAD35E6728BEB33E001AD062 /* Assets.xcassets */ = {isa = PBXFileReference; lastKnownFileType = folder.assetcatalog; path = Assets.xcassets; sourceTree = "<group>"; };
		BAD35E6A28BEB33E001AD062 /* Base */ = {isa = PBXFileReference; lastKnownFileType = file.storyboard; name = Base; path = Base.lproj/LaunchScreen.storyboard; sourceTree = "<group>"; };
		BAD35E6C28BEB33E001AD062 /* Info.plist */ = {isa = PBXFileReference; lastKnownFileType = text.plist.xml; path = Info.plist; sourceTree = "<group>"; };
		BAD35E7128BEB33E001AD062 /* TechMonTests.xctest */ = {isa = PBXFileReference; explicitFileType = wrapper.cfbundle; includeInIndex = 0; path = TechMonTests.xctest; sourceTree = BUILT_PRODUCTS_DIR; };
		BAD35E7528BEB33E001AD062 /* TechMonTests.swift */ = {isa = PBXFileReference; lastKnownFileType = sourcecode.swift; path = TechMonTests.swift; sourceTree = "<group>"; };
		BAD35E7B28BEB33E001AD062 /* TechMonUITests.xctest */ = {isa = PBXFileReference; explicitFileType = wrapper.cfbundle; includeInIndex = 0; path = TechMonUITests.xctest; sourceTree = BUILT_PRODUCTS_DIR; };
		BAD35E7F28BEB33E001AD062 /* TechMonUITests.swift */ = {isa = PBXFileReference; lastKnownFileType = sourcecode.swift; path = TechMonUITests.swift; sourceTree = "<group>"; };
		BAD35E8128BEB33E001AD062 /* TechMonUITestsLaunchTests.swift */ = {isa = PBXFileReference; lastKnownFileType = sourcecode.swift; path = TechMonUITestsLaunchTests.swift; sourceTree = "<group>"; };
		BAD35E9028BEB357001AD062 /* lobby.png */ = {isa = PBXFileReference; lastKnownFileType = image.png; path = lobby.png; sourceTree = "<group>"; };
		BAD35E9128BEB357001AD062 /* battlebg.png */ = {isa = PBXFileReference; lastKnownFileType = image.png; path = battlebg.png; sourceTree = "<group>"; };
		BAD35E9228BEB357001AD062 /* bgimage.jpg */ = {isa = PBXFileReference; lastKnownFileType = image.jpeg; path = bgimage.jpg; sourceTree = "<group>"; };
		BAD35E9328BEB357001AD062 /* waku.png */ = {isa = PBXFileReference; lastKnownFileType = image.png; path = waku.png; sourceTree = "<group>"; };
		BAD35E9428BEB357001AD062 /* gold_button.png */ = {isa = PBXFileReference; lastKnownFileType = image.png; path = gold_button.png; sourceTree = "<group>"; };
		BAD35E9528BEB357001AD062 /* yusya.png */ = {isa = PBXFileReference; lastKnownFileType = image.png; path = yusya.png; sourceTree = "<group>"; };
		BAD35E9628BEB357001AD062 /* monster.png */ = {isa = PBXFileReference; lastKnownFileType = image.png; path = monster.png; sourceTree = "<group>"; };
		BAD35E9828BEB357001AD062 /* TechMonManager.swift */ = {isa = PBXFileReference; fileEncoding = 4; lastKnownFileType = sourcecode.swift; path = TechMonManager.swift; sourceTree = "<group>"; };
		BAD35E9928BEB357001AD062 /* Character.swift */ = {isa = PBXFileReference; fileEncoding = 4; lastKnownFileType = sourcecode.swift; path = Character.swift; sourceTree = "<group>"; };
		BAD35E9B28BEB357001AD062 /* SE_fanfare.mp3 */ = {isa = PBXFileReference; lastKnownFileType = audio.mp3; path = SE_fanfare.mp3; sourceTree = "<group>"; };
		BAD35E9C28BEB357001AD062 /* BGM_battle001.mp3 */ = {isa = PBXFileReference; lastKnownFileType = audio.mp3; path = BGM_battle001.mp3; sourceTree = "<group>"; };
		BAD35E9D28BEB357001AD062 /* SE_fire.mp3 */ = {isa = PBXFileReference; lastKnownFileType = audio.mp3; path = SE_fire.mp3; sourceTree = "<group>"; };
		BAD35E9E28BEB357001AD062 /* SE_attack.mp3 */ = {isa = PBXFileReference; lastKnownFileType = audio.mp3; path = SE_attack.mp3; sourceTree = "<group>"; };
		BAD35E9F28BEB357001AD062 /* SE_gameover.mp3 */ = {isa = PBXFileReference; lastKnownFileType = audio.mp3; path = SE_gameover.mp3; sourceTree = "<group>"; };
		BAD35EA028BEB357001AD062 /* SE_charge.mp3 */ = {isa = PBXFileReference; lastKnownFileType = audio.mp3; path = SE_charge.mp3; sourceTree = "<group>"; };
		BAD35EA128BEB357001AD062 /* lobby.mp3 */ = {isa = PBXFileReference; lastKnownFileType = audio.mp3; path = lobby.mp3; sourceTree = "<group>"; };
		BAD35EA328BEB357001AD062 /* misaki_gothic.ttf */ = {isa = PBXFileReference; lastKnownFileType = file; path = misaki_gothic.ttf; sourceTree = "<group>"; };
		BAD35EBB28BECB85001AD062 /* OFL.txt */ = {isa = PBXFileReference; fileEncoding = 4; lastKnownFileType = text; path = OFL.txt; sourceTree = "<group>"; };
		BAD35EBC28BECB85001AD062 /* RocknRollOne-Regular.ttf */ = {isa = PBXFileReference; lastKnownFileType = file; path = "RocknRollOne-Regular.ttf"; sourceTree = "<group>"; };
		BAD35EBF28BECE5F001AD062 /* ButtleViewController.swift */ = {isa = PBXFileReference; lastKnownFileType = sourcecode.swift; path = ButtleViewController.swift; sourceTree = "<group>"; };
/* End PBXFileReference section */

/* Begin PBXFrameworksBuildPhase section */
		BAD35E5828BEB33C001AD062 /* Frameworks */ = {
			isa = PBXFrameworksBuildPhase;
			buildActionMask = 2147483647;
			files = (
			);
			runOnlyForDeploymentPostprocessing = 0;
		};
		BAD35E6E28BEB33E001AD062 /* Frameworks */ = {
			isa = PBXFrameworksBuildPhase;
			buildActionMask = 2147483647;
			files = (
			);
			runOnlyForDeploymentPostprocessing = 0;
		};
		BAD35E7828BEB33E001AD062 /* Frameworks */ = {
			isa = PBXFrameworksBuildPhase;
			buildActionMask = 2147483647;
			files = (
			);
			runOnlyForDeploymentPostprocessing = 0;
		};
/* End PBXFrameworksBuildPhase section */

/* Begin PBXGroup section */
		BAD35E5228BEB33C001AD062 = {
			isa = PBXGroup;
			children = (
				BAD35E5D28BEB33C001AD062 /* TechMon */,
				BAD35E7428BEB33E001AD062 /* TechMonTests */,
				BAD35E7E28BEB33E001AD062 /* TechMonUITests */,
				BAD35E5C28BEB33C001AD062 /* Products */,
			);
			sourceTree = "<group>";
		};
		BAD35E5C28BEB33C001AD062 /* Products */ = {
			isa = PBXGroup;
			children = (
				BAD35E5B28BEB33C001AD062 /* TechMon.app */,
				BAD35E7128BEB33E001AD062 /* TechMonTests.xctest */,
				BAD35E7B28BEB33E001AD062 /* TechMonUITests.xctest */,
			);
			name = Products;
			sourceTree = "<group>";
		};
		BAD35E5D28BEB33C001AD062 /* TechMon */ = {
			isa = PBXGroup;
			children = (
				BAD35EB528BECB1F001AD062 /* fonts */,
				BAD35E8E28BEB357001AD062 /* TechMon_Resource */,
				BAD35E5E28BEB33C001AD062 /* AppDelegate.swift */,
				BAD35E6028BEB33C001AD062 /* SceneDelegate.swift */,
				BAD35E6228BEB33C001AD062 /* LobbyViewController.swift */,
				BAD35E6428BEB33C001AD062 /* Main.storyboard */,
				BAD35E6728BEB33E001AD062 /* Assets.xcassets */,
				BAD35E6928BEB33E001AD062 /* LaunchScreen.storyboard */,
				BAD35E6C28BEB33E001AD062 /* Info.plist */,
				BAD35EBF28BECE5F001AD062 /* ButtleViewController.swift */,
			);
			path = TechMon;
			sourceTree = "<group>";
		};
		BAD35E7428BEB33E001AD062 /* TechMonTests */ = {
			isa = PBXGroup;
			children = (
				BAD35E7528BEB33E001AD062 /* TechMonTests.swift */,
			);
			path = TechMonTests;
			sourceTree = "<group>";
		};
		BAD35E7E28BEB33E001AD062 /* TechMonUITests */ = {
			isa = PBXGroup;
			children = (
				BAD35E7F28BEB33E001AD062 /* TechMonUITests.swift */,
				BAD35E8128BEB33E001AD062 /* TechMonUITestsLaunchTests.swift */,
			);
			path = TechMonUITests;
			sourceTree = "<group>";
		};
		BAD35E8E28BEB357001AD062 /* TechMon_Resource */ = {
			isa = PBXGroup;
			children = (
				BAD35E8F28BEB357001AD062 /* Images */,
				BAD35E9728BEB357001AD062 /* Models */,
				BAD35E9A28BEB357001AD062 /* Sounds */,
				BAD35EA228BEB357001AD062 /* Fonts */,
			);
			path = TechMon_Resource;
			sourceTree = "<group>";
		};
		BAD35E8F28BEB357001AD062 /* Images */ = {
			isa = PBXGroup;
			children = (
				BAD35E9028BEB357001AD062 /* lobby.png */,
				BAD35E9128BEB357001AD062 /* battlebg.png */,
				BAD35E9228BEB357001AD062 /* bgimage.jpg */,
				BAD35E9328BEB357001AD062 /* waku.png */,
				BAD35E9428BEB357001AD062 /* gold_button.png */,
				BAD35E9528BEB357001AD062 /* yusya.png */,
				BAD35E9628BEB357001AD062 /* monster.png */,
			);
			path = Images;
			sourceTree = "<group>";
		};
		BAD35E9728BEB357001AD062 /* Models */ = {
			isa = PBXGroup;
			children = (
				BAD35E9828BEB357001AD062 /* TechMonManager.swift */,
				BAD35E9928BEB357001AD062 /* Character.swift */,
			);
			path = Models;
			sourceTree = "<group>";
		};
		BAD35E9A28BEB357001AD062 /* Sounds */ = {
			isa = PBXGroup;
			children = (
				BAD35E9B28BEB357001AD062 /* SE_fanfare.mp3 */,
				BAD35E9C28BEB357001AD062 /* BGM_battle001.mp3 */,
				BAD35E9D28BEB357001AD062 /* SE_fire.mp3 */,
				BAD35E9E28BEB357001AD062 /* SE_attack.mp3 */,
				BAD35E9F28BEB357001AD062 /* SE_gameover.mp3 */,
				BAD35EA028BEB357001AD062 /* SE_charge.mp3 */,
				BAD35EA128BEB357001AD062 /* lobby.mp3 */,
			);
			path = Sounds;
			sourceTree = "<group>";
		};
		BAD35EA228BEB357001AD062 /* Fonts */ = {
			isa = PBXGroup;
			children = (
				BAD35EA328BEB357001AD062 /* misaki_gothic.ttf */,
			);
			path = Fonts;
			sourceTree = "<group>";
		};
		BAD35EB528BECB1F001AD062 /* fonts */ = {
			isa = PBXGroup;
			children = (
				BAD35EBB28BECB85001AD062 /* OFL.txt */,
				BAD35EBC28BECB85001AD062 /* RocknRollOne-Regular.ttf */,
			);
			path = fonts;
			sourceTree = "<group>";
		};
/* End PBXGroup section */

/* Begin PBXNativeTarget section */
		BAD35E5A28BEB33C001AD062 /* TechMon */ = {
			isa = PBXNativeTarget;
			buildConfigurationList = BAD35E8528BEB33E001AD062 /* Build configuration list for PBXNativeTarget "TechMon" */;
			buildPhases = (
				BAD35E5728BEB33C001AD062 /* Sources */,
				BAD35E5828BEB33C001AD062 /* Frameworks */,
				BAD35E5928BEB33C001AD062 /* Resources */,
			);
			buildRules = (
			);
			dependencies = (
			);
			name = TechMon;
			productName = TechMon;
			productReference = BAD35E5B28BEB33C001AD062 /* TechMon.app */;
			productType = "com.apple.product-type.application";
		};
		BAD35E7028BEB33E001AD062 /* TechMonTests */ = {
			isa = PBXNativeTarget;
			buildConfigurationList = BAD35E8828BEB33E001AD062 /* Build configuration list for PBXNativeTarget "TechMonTests" */;
			buildPhases = (
				BAD35E6D28BEB33E001AD062 /* Sources */,
				BAD35E6E28BEB33E001AD062 /* Frameworks */,
				BAD35E6F28BEB33E001AD062 /* Resources */,
			);
			buildRules = (
			);
			dependencies = (
				BAD35E7328BEB33E001AD062 /* PBXTargetDependency */,
			);
			name = TechMonTests;
			productName = TechMonTests;
			productReference = BAD35E7128BEB33E001AD062 /* TechMonTests.xctest */;
			productType = "com.apple.product-type.bundle.unit-test";
		};
		BAD35E7A28BEB33E001AD062 /* TechMonUITests */ = {
			isa = PBXNativeTarget;
			buildConfigurationList = BAD35E8B28BEB33E001AD062 /* Build configuration list for PBXNativeTarget "TechMonUITests" */;
			buildPhases = (
				BAD35E7728BEB33E001AD062 /* Sources */,
				BAD35E7828BEB33E001AD062 /* Frameworks */,
				BAD35E7928BEB33E001AD062 /* Resources */,
			);
			buildRules = (
			);
			dependencies = (
				BAD35E7D28BEB33E001AD062 /* PBXTargetDependency */,
			);
			name = TechMonUITests;
			productName = TechMonUITests;
			productReference = BAD35E7B28BEB33E001AD062 /* TechMonUITests.xctest */;
			productType = "com.apple.product-type.bundle.ui-testing";
		};
/* End PBXNativeTarget section */

/* Begin PBXProject section */
		BAD35E5328BEB33C001AD062 /* Project object */ = {
			isa = PBXProject;
			attributes = {
				BuildIndependentTargetsInParallel = 1;
				LastSwiftUpdateCheck = 1340;
				LastUpgradeCheck = 1340;
				TargetAttributes = {
					BAD35E5A28BEB33C001AD062 = {
						CreatedOnToolsVersion = 13.4.1;
					};
					BAD35E7028BEB33E001AD062 = {
						CreatedOnToolsVersion = 13.4.1;
						TestTargetID = BAD35E5A28BEB33C001AD062;
					};
					BAD35E7A28BEB33E001AD062 = {
						CreatedOnToolsVersion = 13.4.1;
						TestTargetID = BAD35E5A28BEB33C001AD062;
					};
				};
			};
			buildConfigurationList = BAD35E5628BEB33C001AD062 /* Build configuration list for PBXProject "TechMon" */;
			compatibilityVersion = "Xcode 13.0";
			developmentRegion = en;
			hasScannedForEncodings = 0;
			knownRegions = (
				en,
				Base,
			);
			mainGroup = BAD35E5228BEB33C001AD062;
			productRefGroup = BAD35E5C28BEB33C001AD062 /* Products */;
			projectDirPath = "";
			projectRoot = "";
			targets = (
				BAD35E5A28BEB33C001AD062 /* TechMon */,
				BAD35E7028BEB33E001AD062 /* TechMonTests */,
				BAD35E7A28BEB33E001AD062 /* TechMonUITests */,
			);
		};
/* End PBXProject section */

/* Begin PBXResourcesBuildPhase section */
		BAD35E5928BEB33C001AD062 /* Resources */ = {
			isa = PBXResourcesBuildPhase;
			buildActionMask = 2147483647;
			files = (
				BAD35EA928BEB357001AD062 /* yusya.png in Resources */,
				BAD35EA628BEB357001AD062 /* bgimage.jpg in Resources */,
				BAD35EA728BEB357001AD062 /* waku.png in Resources */,
				BAD35EAD28BEB357001AD062 /* SE_fanfare.mp3 in Resources */,
				BAD35EA428BEB357001AD062 /* lobby.png in Resources */,
				BAD35EA828BEB357001AD062 /* gold_button.png in Resources */,
				BAD35EB028BEB357001AD062 /* SE_attack.mp3 in Resources */,
				BAD35EBE28BECB85001AD062 /* RocknRollOne-Regular.ttf in Resources */,
				BAD35E6B28BEB33E001AD062 /* LaunchScreen.storyboard in Resources */,
				BAD35EB328BEB357001AD062 /* lobby.mp3 in Resources */,
				BAD35EBD28BECB85001AD062 /* OFL.txt in Resources */,
				BAD35E6828BEB33E001AD062 /* Assets.xcassets in Resources */,
				BAD35EB428BEB357001AD062 /* misaki_gothic.ttf in Resources */,
				BAD35EB128BEB357001AD062 /* SE_gameover.mp3 in Resources */,
				BAD35EA528BEB357001AD062 /* battlebg.png in Resources */,
				BAD35EAE28BEB357001AD062 /* BGM_battle001.mp3 in Resources */,
				BAD35EB228BEB357001AD062 /* SE_charge.mp3 in Resources */,
				BAD35EAF28BEB357001AD062 /* SE_fire.mp3 in Resources */,
				BAD35EAA28BEB357001AD062 /* monster.png in Resources */,
				BAD35E6628BEB33C001AD062 /* Main.storyboard in Resources */,
			);
			runOnlyForDeploymentPostprocessing = 0;
		};
		BAD35E6F28BEB33E001AD062 /* Resources */ = {
			isa = PBXResourcesBuildPhase;
			buildActionMask = 2147483647;
			files = (
			);
			runOnlyForDeploymentPostprocessing = 0;
		};
		BAD35E7928BEB33E001AD062 /* Resources */ = {
			isa = PBXResourcesBuildPhase;
			buildActionMask = 2147483647;
			files = (
			);
			runOnlyForDeploymentPostprocessing = 0;
		};
/* End PBXResourcesBuildPhase section */

/* Begin PBXSourcesBuildPhase section */
		BAD35E5728BEB33C001AD062 /* Sources */ = {
			isa = PBXSourcesBuildPhase;
			buildActionMask = 2147483647;
			files = (
				BAD35EAB28BEB357001AD062 /* TechMonManager.swift in Sources */,
				BAD35E6328BEB33C001AD062 /* LobbyViewController.swift in Sources */,
				BAD35EC028BECE5F001AD062 /* ButtleViewController.swift in Sources */,
				BAD35EAC28BEB357001AD062 /* Character.swift in Sources */,
				BAD35E5F28BEB33C001AD062 /* AppDelegate.swift in Sources */,
				BAD35E6128BEB33C001AD062 /* SceneDelegate.swift in Sources */,
			);
			runOnlyForDeploymentPostprocessing = 0;
		};
		BAD35E6D28BEB33E001AD062 /* Sources */ = {
			isa = PBXSourcesBuildPhase;
			buildActionMask = 2147483647;
			files = (
				BAD35E7628BEB33E001AD062 /* TechMonTests.swift in Sources */,
			);
			runOnlyForDeploymentPostprocessing = 0;
		};
		BAD35E7728BEB33E001AD062 /* Sources */ = {
			isa = PBXSourcesBuildPhase;
			buildActionMask = 2147483647;
			files = (
				BAD35E8028BEB33E001AD062 /* TechMonUITests.swift in Sources */,
				BAD35E8228BEB33E001AD062 /* TechMonUITestsLaunchTests.swift in Sources */,
			);
			runOnlyForDeploymentPostprocessing = 0;
		};
/* End PBXSourcesBuildPhase section */

/* Begin PBXTargetDependency section */
		BAD35E7328BEB33E001AD062 /* PBXTargetDependency */ = {
			isa = PBXTargetDependency;
			target = BAD35E5A28BEB33C001AD062 /* TechMon */;
			targetProxy = BAD35E7228BEB33E001AD062 /* PBXContainerItemProxy */;
		};
		BAD35E7D28BEB33E001AD062 /* PBXTargetDependency */ = {
			isa = PBXTargetDependency;
			target = BAD35E5A28BEB33C001AD062 /* TechMon */;
			targetProxy = BAD35E7C28BEB33E001AD062 /* PBXContainerItemProxy */;
		};
/* End PBXTargetDependency section */

/* Begin PBXVariantGroup section */
		BAD35E6428BEB33C001AD062 /* Main.storyboard */ = {
			isa = PBXVariantGroup;
			children = (
				BAD35E6528BEB33C001AD062 /* Base */,
			);
			name = Main.storyboard;
			sourceTree = "<group>";
		};
		BAD35E6928BEB33E001AD062 /* LaunchScreen.storyboard */ = {
			isa = PBXVariantGroup;
			children = (
				BAD35E6A28BEB33E001AD062 /* Base */,
			);
			name = LaunchScreen.storyboard;
			sourceTree = "<group>";
		};
/* End PBXVariantGroup section */

/* Begin XCBuildConfiguration section */
		BAD35E8328BEB33E001AD062 /* Debug */ = {
			isa = XCBuildConfiguration;
			buildSettings = {
				ALWAYS_SEARCH_USER_PATHS = NO;
				CLANG_ANALYZER_NONNULL = YES;
				CLANG_ANALYZER_NUMBER_OBJECT_CONVERSION = YES_AGGRESSIVE;
				CLANG_CXX_LANGUAGE_STANDARD = "gnu++17";
				CLANG_ENABLE_MODULES = YES;
				CLANG_ENABLE_OBJC_ARC = YES;
				CLANG_ENABLE_OBJC_WEAK = YES;
				CLANG_WARN_BLOCK_CAPTURE_AUTORELEASING = YES;
				CLANG_WARN_BOOL_CONVERSION = YES;
				CLANG_WARN_COMMA = YES;
				CLANG_WARN_CONSTANT_CONVERSION = YES;
				CLANG_WARN_DEPRECATED_OBJC_IMPLEMENTATIONS = YES;
				CLANG_WARN_DIRECT_OBJC_ISA_USAGE = YES_ERROR;
				CLANG_WARN_DOCUMENTATION_COMMENTS = YES;
				CLANG_WARN_EMPTY_BODY = YES;
				CLANG_WARN_ENUM_CONVERSION = YES;
				CLANG_WARN_INFINITE_RECURSION = YES;
				CLANG_WARN_INT_CONVERSION = YES;
				CLANG_WARN_NON_LITERAL_NULL_CONVERSION = YES;
				CLANG_WARN_OBJC_IMPLICIT_RETAIN_SELF = YES;
				CLANG_WARN_OBJC_LITERAL_CONVERSION = YES;
				CLANG_WARN_OBJC_ROOT_CLASS = YES_ERROR;
				CLANG_WARN_QUOTED_INCLUDE_IN_FRAMEWORK_HEADER = YES;
				CLANG_WARN_RANGE_LOOP_ANALYSIS = YES;
				CLANG_WARN_STRICT_PROTOTYPES = YES;
				CLANG_WARN_SUSPICIOUS_MOVE = YES;
				CLANG_WARN_UNGUARDED_AVAILABILITY = YES_AGGRESSIVE;
				CLANG_WARN_UNREACHABLE_CODE = YES;
				CLANG_WARN__DUPLICATE_METHOD_MATCH = YES;
				COPY_PHASE_STRIP = NO;
				DEBUG_INFORMATION_FORMAT = dwarf;
				ENABLE_STRICT_OBJC_MSGSEND = YES;
				ENABLE_TESTABILITY = YES;
				GCC_C_LANGUAGE_STANDARD = gnu11;
				GCC_DYNAMIC_NO_PIC = NO;
				GCC_NO_COMMON_BLOCKS = YES;
				GCC_OPTIMIZATION_LEVEL = 0;
				GCC_PREPROCESSOR_DEFINITIONS = (
					"DEBUG=1",
					"$(inherited)",
				);
				GCC_WARN_64_TO_32_BIT_CONVERSION = YES;
				GCC_WARN_ABOUT_RETURN_TYPE = YES_ERROR;
				GCC_WARN_UNDECLARED_SELECTOR = YES;
				GCC_WARN_UNINITIALIZED_AUTOS = YES_AGGRESSIVE;
				GCC_WARN_UNUSED_FUNCTION = YES;
				GCC_WARN_UNUSED_VARIABLE = YES;
				IPHONEOS_DEPLOYMENT_TARGET = 15.5;
				MTL_ENABLE_DEBUG_INFO = INCLUDE_SOURCE;
				MTL_FAST_MATH = YES;
				ONLY_ACTIVE_ARCH = YES;
				SDKROOT = iphoneos;
				SWIFT_ACTIVE_COMPILATION_CONDITIONS = DEBUG;
				SWIFT_OPTIMIZATION_LEVEL = "-Onone";
			};
			name = Debug;
		};
		BAD35E8428BEB33E001AD062 /* Release */ = {
			isa = XCBuildConfiguration;
			buildSettings = {
				ALWAYS_SEARCH_USER_PATHS = NO;
				CLANG_ANALYZER_NONNULL = YES;
				CLANG_ANALYZER_NUMBER_OBJECT_CONVERSION = YES_AGGRESSIVE;
				CLANG_CXX_LANGUAGE_STANDARD = "gnu++17";
				CLANG_ENABLE_MODULES = YES;
				CLANG_ENABLE_OBJC_ARC = YES;
				CLANG_ENABLE_OBJC_WEAK = YES;
				CLANG_WARN_BLOCK_CAPTURE_AUTORELEASING = YES;
				CLANG_WARN_BOOL_CONVERSION = YES;
				CLANG_WARN_COMMA = YES;
				CLANG_WARN_CONSTANT_CONVERSION = YES;
				CLANG_WARN_DEPRECATED_OBJC_IMPLEMENTATIONS = YES;
				CLANG_WARN_DIRECT_OBJC_ISA_USAGE = YES_ERROR;
				CLANG_WARN_DOCUMENTATION_COMMENTS = YES;
				CLANG_WARN_EMPTY_BODY = YES;
				CLANG_WARN_ENUM_CONVERSION = YES;
				CLANG_WARN_INFINITE_RECURSION = YES;
				CLANG_WARN_INT_CONVERSION = YES;
				CLANG_WARN_NON_LITERAL_NULL_CONVERSION = YES;
				CLANG_WARN_OBJC_IMPLICIT_RETAIN_SELF = YES;
				CLANG_WARN_OBJC_LITERAL_CONVERSION = YES;
				CLANG_WARN_OBJC_ROOT_CLASS = YES_ERROR;
				CLANG_WARN_QUOTED_INCLUDE_IN_FRAMEWORK_HEADER = YES;
				CLANG_WARN_RANGE_LOOP_ANALYSIS = YES;
				CLANG_WARN_STRICT_PROTOTYPES = YES;
				CLANG_WARN_SUSPICIOUS_MOVE = YES;
				CLANG_WARN_UNGUARDED_AVAILABILITY = YES_AGGRESSIVE;
				CLANG_WARN_UNREACHABLE_CODE = YES;
				CLANG_WARN__DUPLICATE_METHOD_MATCH = YES;
				COPY_PHASE_STRIP = NO;
				DEBUG_INFORMATION_FORMAT = "dwarf-with-dsym";
				ENABLE_NS_ASSERTIONS = NO;
				ENABLE_STRICT_OBJC_MSGSEND = YES;
				GCC_C_LANGUAGE_STANDARD = gnu11;
				GCC_NO_COMMON_BLOCKS = YES;
				GCC_WARN_64_TO_32_BIT_CONVERSION = YES;
				GCC_WARN_ABOUT_RETURN_TYPE = YES_ERROR;
				GCC_WARN_UNDECLARED_SELECTOR = YES;
				GCC_WARN_UNINITIALIZED_AUTOS = YES_AGGRESSIVE;
				GCC_WARN_UNUSED_FUNCTION = YES;
				GCC_WARN_UNUSED_VARIABLE = YES;
				IPHONEOS_DEPLOYMENT_TARGET = 15.5;
				MTL_ENABLE_DEBUG_INFO = NO;
				MTL_FAST_MATH = YES;
				SDKROOT = iphoneos;
				SWIFT_COMPILATION_MODE = wholemodule;
				SWIFT_OPTIMIZATION_LEVEL = "-O";
				VALIDATE_PRODUCT = YES;
			};
			name = Release;
		};
		BAD35E8628BEB33E001AD062 /* Debug */ = {
			isa = XCBuildConfiguration;
			buildSettings = {
				ASSETCATALOG_COMPILER_APPICON_NAME = AppIcon;
				ASSETCATALOG_COMPILER_GLOBAL_ACCENT_COLOR_NAME = AccentColor;
				CODE_SIGN_STYLE = Automatic;
				CURRENT_PROJECT_VERSION = 1;
				GENERATE_INFOPLIST_FILE = YES;
				INFOPLIST_FILE = TechMon/Info.plist;
				INFOPLIST_KEY_UIApplicationSupportsIndirectInputEvents = YES;
				INFOPLIST_KEY_UILaunchStoryboardName = LaunchScreen;
				INFOPLIST_KEY_UIMainStoryboardFile = Main;
				INFOPLIST_KEY_UISupportedInterfaceOrientations_iPad = "UIInterfaceOrientationPortrait UIInterfaceOrientationPortraitUpsideDown UIInterfaceOrientationLandscapeLeft UIInterfaceOrientationLandscapeRight";
				INFOPLIST_KEY_UISupportedInterfaceOrientations_iPhone = "UIInterfaceOrientationPortrait UIInterfaceOrientationLandscapeLeft UIInterfaceOrientationLandscapeRight";
				LD_RUNPATH_SEARCH_PATHS = (
					"$(inherited)",
					"@executable_path/Frameworks",
				);
				MARKETING_VERSION = 1.0;
				PRODUCT_BUNDLE_IDENTIFIER = com.lifetech.TechMon;
				PRODUCT_NAME = "$(TARGET_NAME)";
				SWIFT_EMIT_LOC_STRINGS = YES;
				SWIFT_VERSION = 5.0;
				TARGETED_DEVICE_FAMILY = "1,2";
			};
			name = Debug;
		};
		BAD35E8728BEB33E001AD062 /* Release */ = {
			isa = XCBuildConfiguration;
			buildSettings = {
				ASSETCATALOG_COMPILER_APPICON_NAME = AppIcon;
				ASSETCATALOG_COMPILER_GLOBAL_ACCENT_COLOR_NAME = AccentColor;
				CODE_SIGN_STYLE = Automatic;
				CURRENT_PROJECT_VERSION = 1;
				GENERATE_INFOPLIST_FILE = YES;
				INFOPLIST_FILE = TechMon/Info.plist;
				INFOPLIST_KEY_UIApplicationSupportsIndirectInputEvents = YES;
				INFOPLIST_KEY_UILaunchStoryboardName = LaunchScreen;
				INFOPLIST_KEY_UIMainStoryboardFile = Main;
				INFOPLIST_KEY_UISupportedInterfaceOrientations_iPad = "UIInterfaceOrientationPortrait UIInterfaceOrientationPortraitUpsideDown UIInterfaceOrientationLandscapeLeft UIInterfaceOrientationLandscapeRight";
				INFOPLIST_KEY_UISupportedInterfaceOrientations_iPhone = "UIInterfaceOrientationPortrait UIInterfaceOrientationLandscapeLeft UIInterfaceOrientationLandscapeRight";
				LD_RUNPATH_SEARCH_PATHS = (
					"$(inherited)",
					"@executable_path/Frameworks",
				);
				MARKETING_VERSION = 1.0;
				PRODUCT_BUNDLE_IDENTIFIER = com.lifetech.TechMon;
				PRODUCT_NAME = "$(TARGET_NAME)";
				SWIFT_EMIT_LOC_STRINGS = YES;
				SWIFT_VERSION = 5.0;
				TARGETED_DEVICE_FAMILY = "1,2";
			};
			name = Release;
		};
		BAD35E8928BEB33E001AD062 /* Debug */ = {
			isa = XCBuildConfiguration;
			buildSettings = {
				ALWAYS_EMBED_SWIFT_STANDARD_LIBRARIES = YES;
				BUNDLE_LOADER = "$(TEST_HOST)";
				CODE_SIGN_STYLE = Automatic;
				CURRENT_PROJECT_VERSION = 1;
				GENERATE_INFOPLIST_FILE = YES;
				IPHONEOS_DEPLOYMENT_TARGET = 15.5;
				MARKETING_VERSION = 1.0;
				PRODUCT_BUNDLE_IDENTIFIER = com.lifetech.TechMonTests;
				PRODUCT_NAME = "$(TARGET_NAME)";
				SWIFT_EMIT_LOC_STRINGS = NO;
				SWIFT_VERSION = 5.0;
				TARGETED_DEVICE_FAMILY = "1,2";
				TEST_HOST = "$(BUILT_PRODUCTS_DIR)/TechMon.app/TechMon";
			};
			name = Debug;
		};
		BAD35E8A28BEB33E001AD062 /* Release */ = {
			isa = XCBuildConfiguration;
			buildSettings = {
				ALWAYS_EMBED_SWIFT_STANDARD_LIBRARIES = YES;
				BUNDLE_LOADER = "$(TEST_HOST)";
				CODE_SIGN_STYLE = Automatic;
				CURRENT_PROJECT_VERSION = 1;
				GENERATE_INFOPLIST_FILE = YES;
				IPHONEOS_DEPLOYMENT_TARGET = 15.5;
				MARKETING_VERSION = 1.0;
				PRODUCT_BUNDLE_IDENTIFIER = com.lifetech.TechMonTests;
				PRODUCT_NAME = "$(TARGET_NAME)";
				SWIFT_EMIT_LOC_STRINGS = NO;
				SWIFT_VERSION = 5.0;
				TARGETED_DEVICE_FAMILY = "1,2";
				TEST_HOST = "$(BUILT_PRODUCTS_DIR)/TechMon.app/TechMon";
			};
			name = Release;
		};
		BAD35E8C28BEB33E001AD062 /* Debug */ = {
			isa = XCBuildConfiguration;
			buildSettings = {
				ALWAYS_EMBED_SWIFT_STANDARD_LIBRARIES = YES;
				CODE_SIGN_STYLE = Automatic;
				CURRENT_PROJECT_VERSION = 1;
				GENERATE_INFOPLIST_FILE = YES;
				MARKETING_VERSION = 1.0;
				PRODUCT_BUNDLE_IDENTIFIER = com.lifetech.TechMonUITests;
				PRODUCT_NAME = "$(TARGET_NAME)";
				SWIFT_EMIT_LOC_STRINGS = NO;
				SWIFT_VERSION = 5.0;
				TARGETED_DEVICE_FAMILY = "1,2";
				TEST_TARGET_NAME = TechMon;
			};
			name = Debug;
		};
		BAD35E8D28BEB33E001AD062 /* Release */ = {
			isa = XCBuildConfiguration;
			buildSettings = {
				ALWAYS_EMBED_SWIFT_STANDARD_LIBRARIES = YES;
				CODE_SIGN_STYLE = Automatic;
				CURRENT_PROJECT_VERSION = 1;
				GENERATE_INFOPLIST_FILE = YES;
				MARKETING_VERSION = 1.0;
				PRODUCT_BUNDLE_IDENTIFIER = com.lifetech.TechMonUITests;
				PRODUCT_NAME = "$(TARGET_NAME)";
				SWIFT_EMIT_LOC_STRINGS = NO;
				SWIFT_VERSION = 5.0;
				TARGETED_DEVICE_FAMILY = "1,2";
				TEST_TARGET_NAME = TechMon;
			};
			name = Release;
		};
/* End XCBuildConfiguration section */

/* Begin XCConfigurationList section */
		BAD35E5628BEB33C001AD062 /* Build configuration list for PBXProject "TechMon" */ = {
			isa = XCConfigurationList;
			buildConfigurations = (
				BAD35E8328BEB33E001AD062 /* Debug */,
				BAD35E8428BEB33E001AD062 /* Release */,
			);
			defaultConfigurationIsVisible = 0;
			defaultConfigurationName = Release;
		};
		BAD35E8528BEB33E001AD062 /* Build configuration list for PBXNativeTarget "TechMon" */ = {
			isa = XCConfigurationList;
			buildConfigurations = (
				BAD35E8628BEB33E001AD062 /* Debug */,
				BAD35E8728BEB33E001AD062 /* Release */,
			);
			defaultConfigurationIsVisible = 0;
			defaultConfigurationName = Release;
		};
		BAD35E8828BEB33E001AD062 /* Build configuration list for PBXNativeTarget "TechMonTests" */ = {
			isa = XCConfigurationList;
			buildConfigurations = (
				BAD35E8928BEB33E001AD062 /* Debug */,
				BAD35E8A28BEB33E001AD062 /* Release */,
			);
			defaultConfigurationIsVisible = 0;
			defaultConfigurationName = Release;
		};
		BAD35E8B28BEB33E001AD062 /* Build configuration list for PBXNativeTarget "TechMonUITests" */ = {
			isa = XCConfigurationList;
			buildConfigurations = (
				BAD35E8C28BEB33E001AD062 /* Debug */,
				BAD35E8D28BEB33E001AD062 /* Release */,
			);
			defaultConfigurationIsVisible = 0;
			defaultConfigurationName = Release;
		};
/* End XCConfigurationList section */
	};
	rootObject = BAD35E5328BEB33C001AD062 /* Project object */;
}
